// !$*UTF8*$!
{
	archiveVersion = 1;
	classes = {
	};
	objectVersion = 55;
	objects = {

/* Begin PBXBuildFile section */
		2D1C2563284CD28F009F8ADB /* HomeViewController.swift in Sources */ = {isa = PBXBuildFile; fileRef = 2D1C2562284CD28F009F8ADB /* HomeViewController.swift */; };
		2D972C18284CA60C00982455 /* AppDelegate.swift in Sources */ = {isa = PBXBuildFile; fileRef = 2D972C17284CA60C00982455 /* AppDelegate.swift */; };
		2D972C1A284CA60C00982455 /* SceneDelegate.swift in Sources */ = {isa = PBXBuildFile; fileRef = 2D972C19284CA60C00982455 /* SceneDelegate.swift */; };
		2D972C1F284CA60C00982455 /* Main.storyboard in Resources */ = {isa = PBXBuildFile; fileRef = 2D972C1D284CA60C00982455 /* Main.storyboard */; };
		2D972C21284CA60D00982455 /* Assets.xcassets in Resources */ = {isa = PBXBuildFile; fileRef = 2D972C20284CA60D00982455 /* Assets.xcassets */; };
		2D972C24284CA60D00982455 /* LaunchScreen.storyboard in Resources */ = {isa = PBXBuildFile; fileRef = 2D972C22284CA60D00982455 /* LaunchScreen.storyboard */; };
		2D972C2E284CB60A00982455 /* SplashViewController.swift in Sources */ = {isa = PBXBuildFile; fileRef = 2D972C2D284CB60A00982455 /* SplashViewController.swift */; };
		2D972C37284CC0B800982455 /* splashVideo.mp4 in Resources */ = {isa = PBXBuildFile; fileRef = 2D972C34284CC08200982455 /* splashVideo.mp4 */; };
/* End PBXBuildFile section */

/* Begin PBXFileReference section */
		2D1C2562284CD28F009F8ADB /* HomeViewController.swift */ = {isa = PBXFileReference; lastKnownFileType = sourcecode.swift; path = HomeViewController.swift; sourceTree = "<group>"; };
		2D972C14284CA60C00982455 /* NFTSea.app */ = {isa = PBXFileReference; explicitFileType = wrapper.application; includeInIndex = 0; path = NFTSea.app; sourceTree = BUILT_PRODUCTS_DIR; };
		2D972C17284CA60C00982455 /* AppDelegate.swift */ = {isa = PBXFileReference; lastKnownFileType = sourcecode.swift; path = AppDelegate.swift; sourceTree = "<group>"; };
		2D972C19284CA60C00982455 /* SceneDelegate.swift */ = {isa = PBXFileReference; lastKnownFileType = sourcecode.swift; path = SceneDelegate.swift; sourceTree = "<group>"; };
		2D972C1E284CA60C00982455 /* Base */ = {isa = PBXFileReference; lastKnownFileType = file.storyboard; name = Base; path = Base.lproj/Main.storyboard; sourceTree = "<group>"; };
		2D972C20284CA60D00982455 /* Assets.xcassets */ = {isa = PBXFileReference; lastKnownFileType = folder.assetcatalog; path = Assets.xcassets; sourceTree = "<group>"; };
		2D972C23284CA60D00982455 /* Base */ = {isa = PBXFileReference; lastKnownFileType = file.storyboard; name = Base; path = Base.lproj/LaunchScreen.storyboard; sourceTree = "<group>"; };
		2D972C25284CA60D00982455 /* Info.plist */ = {isa = PBXFileReference; lastKnownFileType = text.plist.xml; path = Info.plist; sourceTree = "<group>"; };
		2D972C2D284CB60A00982455 /* SplashViewController.swift */ = {isa = PBXFileReference; fileEncoding = 4; lastKnownFileType = sourcecode.swift; path = SplashViewController.swift; sourceTree = "<group>"; };
		2D972C34284CC08200982455 /* splashVideo.mp4 */ = {isa = PBXFileReference; lastKnownFileType = file; path = splashVideo.mp4; sourceTree = "<group>"; };
/* End PBXFileReference section */

/* Begin PBXFrameworksBuildPhase section */
		2D972C11284CA60C00982455 /* Frameworks */ = {
			isa = PBXFrameworksBuildPhase;
			buildActionMask = 2147483647;
			files = (
			);
			runOnlyForDeploymentPostprocessing = 0;
		};
/* End PBXFrameworksBuildPhase section */

/* Begin PBXGroup section */
		2D1C255F284CD106009F8ADB /* HomePage */ = {
			isa = PBXGroup;
			children = (
				2D1C2562284CD28F009F8ADB /* HomeViewController.swift */,
			);
			path = HomePage;
			sourceTree = "<group>";
		};
		2D972C0B284CA60C00982455 = {
			isa = PBXGroup;
			children = (
				2D972C16284CA60C00982455 /* NFTSea */,
				2D972C15284CA60C00982455 /* Products */,
			);
			sourceTree = "<group>";
		};
		2D972C15284CA60C00982455 /* Products */ = {
			isa = PBXGroup;
			children = (
				2D972C14284CA60C00982455 /* NFTSea.app */,
			);
			name = Products;
			sourceTree = "<group>";
		};
		2D972C16284CA60C00982455 /* NFTSea */ = {
			isa = PBXGroup;
			children = (
				2D972C2B284CB5EA00982455 /* Pages */,
				2D972C35284CC09900982455 /* Utilities */,
				2D972C17284CA60C00982455 /* AppDelegate.swift */,
				2D972C19284CA60C00982455 /* SceneDelegate.swift */,
				2D972C1D284CA60C00982455 /* Main.storyboard */,
				2D972C20284CA60D00982455 /* Assets.xcassets */,
				2D972C22284CA60D00982455 /* LaunchScreen.storyboard */,
				2D972C25284CA60D00982455 /* Info.plist */,
			);
			path = NFTSea;
			sourceTree = "<group>";
		};
		2D972C2B284CB5EA00982455 /* Pages */ = {
			isa = PBXGroup;
			children = (
				2D1C255F284CD106009F8ADB /* HomePage */,
				2D972C2C284CB5F500982455 /* Splash */,
			);
			path = Pages;
			sourceTree = "<group>";
		};
		2D972C2C284CB5F500982455 /* Splash */ = {
			isa = PBXGroup;
			children = (
				2D972C2D284CB60A00982455 /* SplashViewController.swift */,
			);
			path = Splash;
			sourceTree = "<group>";
		};
		2D972C35284CC09900982455 /* Utilities */ = {
			isa = PBXGroup;
			children = (
				2D972C36284CC0A500982455 /* Videos */,
			);
			path = Utilities;
			sourceTree = "<group>";
		};
		2D972C36284CC0A500982455 /* Videos */ = {
			isa = PBXGroup;
			children = (
				2D972C34284CC08200982455 /* splashVideo.mp4 */,
			);
			path = Videos;
			sourceTree = "<group>";
		};
/* End PBXGroup section */

/* Begin PBXNativeTarget section */
		2D972C13284CA60C00982455 /* NFTSea */ = {
			isa = PBXNativeTarget;
			buildConfigurationList = 2D972C28284CA60D00982455 /* Build configuration list for PBXNativeTarget "NFTSea" */;
			buildPhases = (
				2D972C10284CA60C00982455 /* Sources */,
				2D972C11284CA60C00982455 /* Frameworks */,
				2D972C12284CA60C00982455 /* Resources */,
			);
			buildRules = (
			);
			dependencies = (
			);
			name = NFTSea;
			productName = NFTSea;
			productReference = 2D972C14284CA60C00982455 /* NFTSea.app */;
			productType = "com.apple.product-type.application";
		};
/* End PBXNativeTarget section */

/* Begin PBXProject section */
		2D972C0C284CA60C00982455 /* Project object */ = {
			isa = PBXProject;
			attributes = {
				BuildIndependentTargetsInParallel = 1;
				LastSwiftUpdateCheck = 1300;
				LastUpgradeCheck = 1300;
				TargetAttributes = {
					2D972C13284CA60C00982455 = {
						CreatedOnToolsVersion = 13.0;
					};
				};
			};
			buildConfigurationList = 2D972C0F284CA60C00982455 /* Build configuration list for PBXProject "NFTSea" */;
			compatibilityVersion = "Xcode 13.0";
			developmentRegion = en;
			hasScannedForEncodings = 0;
			knownRegions = (
				en,
				Base,
			);
			mainGroup = 2D972C0B284CA60C00982455;
			productRefGroup = 2D972C15284CA60C00982455 /* Products */;
			projectDirPath = "";
			projectRoot = "";
			targets = (
				2D972C13284CA60C00982455 /* NFTSea */,
			);
		};
/* End PBXProject section */

/* Begin PBXResourcesBuildPhase section */
		2D972C12284CA60C00982455 /* Resources */ = {
			isa = PBXResourcesBuildPhase;
			buildActionMask = 2147483647;
			files = (
				2D972C37284CC0B800982455 /* splashVideo.mp4 in Resources */,
				2D972C24284CA60D00982455 /* LaunchScreen.storyboard in Resources */,
				2D972C21284CA60D00982455 /* Assets.xcassets in Resources */,
				2D972C1F284CA60C00982455 /* Main.storyboard in Resources */,
			);
			runOnlyForDeploymentPostprocessing = 0;
		};
/* End PBXResourcesBuildPhase section */

/* Begin PBXSourcesBuildPhase section */
		2D972C10284CA60C00982455 /* Sources */ = {
			isa = PBXSourcesBuildPhase;
			buildActionMask = 2147483647;
			files = (
				2D972C18284CA60C00982455 /* AppDelegate.swift in Sources */,
				2D972C1A284CA60C00982455 /* SceneDelegate.swift in Sources */,
				2D972C2E284CB60A00982455 /* SplashViewController.swift in Sources */,
				2D1C2563284CD28F009F8ADB /* HomeViewController.swift in Sources */,
			);
			runOnlyForDeploymentPostprocessing = 0;
		};
/* End PBXSourcesBuildPhase section */

/* Begin PBXVariantGroup section */
		2D972C1D284CA60C00982455 /* Main.storyboard */ = {
			isa = PBXVariantGroup;
			children = (
				2D972C1E284CA60C00982455 /* Base */,
			);
			name = Main.storyboard;
			sourceTree = "<group>";
		};
		2D972C22284CA60D00982455 /* LaunchScreen.storyboard */ = {
			isa = PBXVariantGroup;
			children = (
				2D972C23284CA60D00982455 /* Base */,
			);
			name = LaunchScreen.storyboard;
			sourceTree = "<group>";
		};
/* End PBXVariantGroup section */

/* Begin XCBuildConfiguration section */
		2D972C26284CA60D00982455 /* Debug */ = {
			isa = XCBuildConfiguration;
			buildSettings = {
				ALWAYS_SEARCH_USER_PATHS = NO;
				CLANG_ANALYZER_NONNULL = YES;
				CLANG_ANALYZER_NUMBER_OBJECT_CONVERSION = YES_AGGRESSIVE;
				CLANG_CXX_LANGUAGE_STANDARD = "gnu++17";
				CLANG_CXX_LIBRARY = "libc++";
				CLANG_ENABLE_MODULES = YES;
				CLANG_ENABLE_OBJC_ARC = YES;
				CLANG_ENABLE_OBJC_WEAK = YES;
				CLANG_WARN_BLOCK_CAPTURE_AUTORELEASING = YES;
				CLANG_WARN_BOOL_CONVERSION = YES;
				CLANG_WARN_COMMA = YES;
				CLANG_WARN_CONSTANT_CONVERSION = YES;
				CLANG_WARN_DEPRECATED_OBJC_IMPLEMENTATIONS = YES;
				CLANG_WARN_DIRECT_OBJC_ISA_USAGE = YES_ERROR;
				CLANG_WARN_DOCUMENTATION_COMMENTS = YES;
				CLANG_WARN_EMPTY_BODY = YES;
				CLANG_WARN_ENUM_CONVERSION = YES;
				CLANG_WARN_INFINITE_RECURSION = YES;
				CLANG_WARN_INT_CONVERSION = YES;
				CLANG_WARN_NON_LITERAL_NULL_CONVERSION = YES;
				CLANG_WARN_OBJC_IMPLICIT_RETAIN_SELF = YES;
				CLANG_WARN_OBJC_LITERAL_CONVERSION = YES;
				CLANG_WARN_OBJC_ROOT_CLASS = YES_ERROR;
				CLANG_WARN_QUOTED_INCLUDE_IN_FRAMEWORK_HEADER = YES;
				CLANG_WARN_RANGE_LOOP_ANALYSIS = YES;
				CLANG_WARN_STRICT_PROTOTYPES = YES;
				CLANG_WARN_SUSPICIOUS_MOVE = YES;
				CLANG_WARN_UNGUARDED_AVAILABILITY = YES_AGGRESSIVE;
				CLANG_WARN_UNREACHABLE_CODE = YES;
				CLANG_WARN__DUPLICATE_METHOD_MATCH = YES;
				COPY_PHASE_STRIP = NO;
				DEBUG_INFORMATION_FORMAT = dwarf;
				ENABLE_STRICT_OBJC_MSGSEND = YES;
				ENABLE_TESTABILITY = YES;
				GCC_C_LANGUAGE_STANDARD = gnu11;
				GCC_DYNAMIC_NO_PIC = NO;
				GCC_NO_COMMON_BLOCKS = YES;
				GCC_OPTIMIZATION_LEVEL = 0;
				GCC_PREPROCESSOR_DEFINITIONS = (
					"DEBUG=1",
					"$(inherited)",
				);
				GCC_WARN_64_TO_32_BIT_CONVERSION = YES;
				GCC_WARN_ABOUT_RETURN_TYPE = YES_ERROR;
				GCC_WARN_UNDECLARED_SELECTOR = YES;
				GCC_WARN_UNINITIALIZED_AUTOS = YES_AGGRESSIVE;
				GCC_WARN_UNUSED_FUNCTION = YES;
				GCC_WARN_UNUSED_VARIABLE = YES;
				IPHONEOS_DEPLOYMENT_TARGET = 15.0;
				MTL_ENABLE_DEBUG_INFO = INCLUDE_SOURCE;
				MTL_FAST_MATH = YES;
				ONLY_ACTIVE_ARCH = YES;
				SDKROOT = iphoneos;
				SWIFT_ACTIVE_COMPILATION_CONDITIONS = DEBUG;
				SWIFT_OPTIMIZATION_LEVEL = "-Onone";
			};
			name = Debug;
		};
		2D972C27284CA60D00982455 /* Release */ = {
			isa = XCBuildConfiguration;
			buildSettings = {
				ALWAYS_SEARCH_USER_PATHS = NO;
				CLANG_ANALYZER_NONNULL = YES;
				CLANG_ANALYZER_NUMBER_OBJECT_CONVERSION = YES_AGGRESSIVE;
				CLANG_CXX_LANGUAGE_STANDARD = "gnu++17";
				CLANG_CXX_LIBRARY = "libc++";
				CLANG_ENABLE_MODULES = YES;
				CLANG_ENABLE_OBJC_ARC = YES;
				CLANG_ENABLE_OBJC_WEAK = YES;
				CLANG_WARN_BLOCK_CAPTURE_AUTORELEASING = YES;
				CLANG_WARN_BOOL_CONVERSION = YES;
				CLANG_WARN_COMMA = YES;
				CLANG_WARN_CONSTANT_CONVERSION = YES;
				CLANG_WARN_DEPRECATED_OBJC_IMPLEMENTATIONS = YES;
				CLANG_WARN_DIRECT_OBJC_ISA_USAGE = YES_ERROR;
				CLANG_WARN_DOCUMENTATION_COMMENTS = YES;
				CLANG_WARN_EMPTY_BODY = YES;
				CLANG_WARN_ENUM_CONVERSION = YES;
				CLANG_WARN_INFINITE_RECURSION = YES;
				CLANG_WARN_INT_CONVERSION = YES;
				CLANG_WARN_NON_LITERAL_NULL_CONVERSION = YES;
				CLANG_WARN_OBJC_IMPLICIT_RETAIN_SELF = YES;
				CLANG_WARN_OBJC_LITERAL_CONVERSION = YES;
				CLANG_WARN_OBJC_ROOT_CLASS = YES_ERROR;
				CLANG_WARN_QUOTED_INCLUDE_IN_FRAMEWORK_HEADER = YES;
				CLANG_WARN_RANGE_LOOP_ANALYSIS = YES;
				CLANG_WARN_STRICT_PROTOTYPES = YES;
				CLANG_WARN_SUSPICIOUS_MOVE = YES;
				CLANG_WARN_UNGUARDED_AVAILABILITY = YES_AGGRESSIVE;
				CLANG_WARN_UNREACHABLE_CODE = YES;
				CLANG_WARN__DUPLICATE_METHOD_MATCH = YES;
				COPY_PHASE_STRIP = NO;
				DEBUG_INFORMATION_FORMAT = "dwarf-with-dsym";
				ENABLE_NS_ASSERTIONS = NO;
				ENABLE_STRICT_OBJC_MSGSEND = YES;
				GCC_C_LANGUAGE_STANDARD = gnu11;
				GCC_NO_COMMON_BLOCKS = YES;
				GCC_WARN_64_TO_32_BIT_CONVERSION = YES;
				GCC_WARN_ABOUT_RETURN_TYPE = YES_ERROR;
				GCC_WARN_UNDECLARED_SELECTOR = YES;
				GCC_WARN_UNINITIALIZED_AUTOS = YES_AGGRESSIVE;
				GCC_WARN_UNUSED_FUNCTION = YES;
				GCC_WARN_UNUSED_VARIABLE = YES;
				IPHONEOS_DEPLOYMENT_TARGET = 15.0;
				MTL_ENABLE_DEBUG_INFO = NO;
				MTL_FAST_MATH = YES;
				SDKROOT = iphoneos;
				SWIFT_COMPILATION_MODE = wholemodule;
				SWIFT_OPTIMIZATION_LEVEL = "-O";
				VALIDATE_PRODUCT = YES;
			};
			name = Release;
		};
		2D972C29284CA60D00982455 /* Debug */ = {
			isa = XCBuildConfiguration;
			buildSettings = {
				ASSETCATALOG_COMPILER_APPICON_NAME = AppIcon;
				ASSETCATALOG_COMPILER_GLOBAL_ACCENT_COLOR_NAME = AccentColor;
				CODE_SIGN_STYLE = Automatic;
				CURRENT_PROJECT_VERSION = 1;
				DEVELOPMENT_TEAM = F2XURX372U;
				GENERATE_INFOPLIST_FILE = YES;
				INFOPLIST_FILE = NFTSea/Info.plist;
				INFOPLIST_KEY_UIApplicationSupportsIndirectInputEvents = YES;
				INFOPLIST_KEY_UILaunchStoryboardName = Main;
				INFOPLIST_KEY_UIMainStoryboardFile = Main;
				INFOPLIST_KEY_UISupportedInterfaceOrientations_iPad = "UIInterfaceOrientationPortrait UIInterfaceOrientationPortraitUpsideDown UIInterfaceOrientationLandscapeLeft UIInterfaceOrientationLandscapeRight";
				INFOPLIST_KEY_UISupportedInterfaceOrientations_iPhone = "UIInterfaceOrientationPortrait UIInterfaceOrientationLandscapeLeft UIInterfaceOrientationLandscapeRight";
				LD_RUNPATH_SEARCH_PATHS = (
					"$(inherited)",
					"@executable_path/Frameworks",
				);
				MARKETING_VERSION = 1.0;
				PRODUCT_BUNDLE_IDENTIFIER = com.ron.NFTSea;
				PRODUCT_NAME = "$(TARGET_NAME)";
				SWIFT_EMIT_LOC_STRINGS = YES;
				SWIFT_VERSION = 5.0;
				TARGETED_DEVICE_FAMILY = "1,2";
			};
			name = Debug;
		};
		2D972C2A284CA60D00982455 /* Release */ = {
			isa = XCBuildConfiguration;
			buildSettings = {
				ASSETCATALOG_COMPILER_APPICON_NAME = AppIcon;
				ASSETCATALOG_COMPILER_GLOBAL_ACCENT_COLOR_NAME = AccentColor;
				CODE_SIGN_STYLE = Automatic;
				CURRENT_PROJECT_VERSION = 1;
				DEVELOPMENT_TEAM = F2XURX372U;
				GENERATE_INFOPLIST_FILE = YES;
				INFOPLIST_FILE = NFTSea/Info.plist;
				INFOPLIST_KEY_UIApplicationSupportsIndirectInputEvents = YES;
				INFOPLIST_KEY_UILaunchStoryboardName = Main;
				INFOPLIST_KEY_UIMainStoryboardFile = Main;
				INFOPLIST_KEY_UISupportedInterfaceOrientations_iPad = "UIInterfaceOrientationPortrait UIInterfaceOrientationPortraitUpsideDown UIInterfaceOrientationLandscapeLeft UIInterfaceOrientationLandscapeRight";
				INFOPLIST_KEY_UISupportedInterfaceOrientations_iPhone = "UIInterfaceOrientationPortrait UIInterfaceOrientationLandscapeLeft UIInterfaceOrientationLandscapeRight";
				LD_RUNPATH_SEARCH_PATHS = (
					"$(inherited)",
					"@executable_path/Frameworks",
				);
				MARKETING_VERSION = 1.0;
				PRODUCT_BUNDLE_IDENTIFIER = com.ron.NFTSea;
				PRODUCT_NAME = "$(TARGET_NAME)";
				SWIFT_EMIT_LOC_STRINGS = YES;
				SWIFT_VERSION = 5.0;
				TARGETED_DEVICE_FAMILY = "1,2";
			};
			name = Release;
		};
/* End XCBuildConfiguration section */

/* Begin XCConfigurationList section */
		2D972C0F284CA60C00982455 /* Build configuration list for PBXProject "NFTSea" */ = {
			isa = XCConfigurationList;
			buildConfigurations = (
				2D972C26284CA60D00982455 /* Debug */,
				2D972C27284CA60D00982455 /* Release */,
			);
			defaultConfigurationIsVisible = 0;
			defaultConfigurationName = Release;
		};
		2D972C28284CA60D00982455 /* Build configuration list for PBXNativeTarget "NFTSea" */ = {
			isa = XCConfigurationList;
			buildConfigurations = (
				2D972C29284CA60D00982455 /* Debug */,
				2D972C2A284CA60D00982455 /* Release */,
			);
			defaultConfigurationIsVisible = 0;
			defaultConfigurationName = Release;
		};
/* End XCConfigurationList section */
	};
	rootObject = 2D972C0C284CA60C00982455 /* Project object */;
}
