// !$*UTF8*$!
{
	archiveVersion = 1;
	classes = {
	};
	objectVersion = 55;
	objects = {

/* Begin PBXBuildFile section */
		2D05514C285AFED000B37BEC /* WalletConnectTableViewCell.swift in Sources */ = {isa = PBXBuildFile; fileRef = 2D05514A285AFED000B37BEC /* WalletConnectTableViewCell.swift */; };
		2D05514D285AFED000B37BEC /* WalletConnectTableViewCell.xib in Resources */ = {isa = PBXBuildFile; fileRef = 2D05514B285AFED000B37BEC /* WalletConnectTableViewCell.xib */; };
		2D055154285B33AE00B37BEC /* SourceSansPro-SemiBold.ttf in Resources */ = {isa = PBXBuildFile; fileRef = 2D055153285B33AE00B37BEC /* SourceSansPro-SemiBold.ttf */; };
		2D055158285B34F500B37BEC /* DividOrTableViewCell.swift in Sources */ = {isa = PBXBuildFile; fileRef = 2D055156285B34F500B37BEC /* DividOrTableViewCell.swift */; };
		2D055159285B34F500B37BEC /* DividOrTableViewCell.xib in Resources */ = {isa = PBXBuildFile; fileRef = 2D055157285B34F500B37BEC /* DividOrTableViewCell.xib */; };
		2D05515B285B427C00B37BEC /* Inter-Bold.ttf in Resources */ = {isa = PBXBuildFile; fileRef = 2D05515A285B427C00B37BEC /* Inter-Bold.ttf */; };
		2D05515D285B684E00B37BEC /* InputModalViewController.swift in Sources */ = {isa = PBXBuildFile; fileRef = 2D05515C285B684E00B37BEC /* InputModalViewController.swift */; };
		2D1C2563284CD28F009F8ADB /* HomeViewController.swift in Sources */ = {isa = PBXBuildFile; fileRef = 2D1C2562284CD28F009F8ADB /* HomeViewController.swift */; };
		2D2C3B43284F5D7400F16CF5 /* TrendingTableViewCell.swift in Sources */ = {isa = PBXBuildFile; fileRef = 2D2C3B41284F5D7400F16CF5 /* TrendingTableViewCell.swift */; };
		2D2C3B44284F5D7400F16CF5 /* TrendingTableViewCell.xib in Resources */ = {isa = PBXBuildFile; fileRef = 2D2C3B42284F5D7400F16CF5 /* TrendingTableViewCell.xib */; };
		2D2C3B48284F5DBE00F16CF5 /* TrendingCollectionViewCell.swift in Sources */ = {isa = PBXBuildFile; fileRef = 2D2C3B46284F5DBE00F16CF5 /* TrendingCollectionViewCell.swift */; };
		2D2C3B49284F5DBE00F16CF5 /* TrendingCollectionViewCell.xib in Resources */ = {isa = PBXBuildFile; fileRef = 2D2C3B47284F5DBE00F16CF5 /* TrendingCollectionViewCell.xib */; };
		2D2C3B4D284F5DF700F16CF5 /* NewItemCollectionViewCell.swift in Sources */ = {isa = PBXBuildFile; fileRef = 2D2C3B4B284F5DF700F16CF5 /* NewItemCollectionViewCell.swift */; };
		2D2C3B4E284F5DF700F16CF5 /* NewItemCollectionViewCell.xib in Resources */ = {isa = PBXBuildFile; fileRef = 2D2C3B4C284F5DF700F16CF5 /* NewItemCollectionViewCell.xib */; };
		2D2C3B51284F5E1800F16CF5 /* NewItemTableViewCell.swift in Sources */ = {isa = PBXBuildFile; fileRef = 2D2C3B4F284F5E1800F16CF5 /* NewItemTableViewCell.swift */; };
		2D2C3B52284F5E1800F16CF5 /* NewItemTableViewCell.xib in Resources */ = {isa = PBXBuildFile; fileRef = 2D2C3B50284F5E1800F16CF5 /* NewItemTableViewCell.xib */; };
		2D2C3B54284F928B00F16CF5 /* SourceSansPro-Bold.ttf in Resources */ = {isa = PBXBuildFile; fileRef = 2D2C3B53284F928B00F16CF5 /* SourceSansPro-Bold.ttf */; };
		2D2E4A65285EF2200093CE15 /* Inter-SemiBold.ttf in Resources */ = {isa = PBXBuildFile; fileRef = 2D2E4A64285EF2200093CE15 /* Inter-SemiBold.ttf */; };
		2D2E4A6C285F41160093CE15 /* WalletInit.swift in Sources */ = {isa = PBXBuildFile; fileRef = 2D2E4A6B285F41160093CE15 /* WalletInit.swift */; };
		2D2E4A6E285F4F9B0093CE15 /* GoogleService-Info.plist in Resources */ = {isa = PBXBuildFile; fileRef = 2D2E4A6D285F4F9B0093CE15 /* GoogleService-Info.plist */; };
		2D2E4A71285F5E560093CE15 /* ProfileViewController.swift in Sources */ = {isa = PBXBuildFile; fileRef = 2D2E4A70285F5E560093CE15 /* ProfileViewController.swift */; };
		2D4AFE992861A5DD00AE432B /* ProfilePagerViewController.swift in Sources */ = {isa = PBXBuildFile; fileRef = 2D4AFE982861A5DD00AE432B /* ProfilePagerViewController.swift */; };
		2D698BCE2858633300F1F72E /* DeviceHandler.swift in Sources */ = {isa = PBXBuildFile; fileRef = 2D698BCC2858633300F1F72E /* DeviceHandler.swift */; };
		2D698BCF2858633300F1F72E /* DeviceModel.swift in Sources */ = {isa = PBXBuildFile; fileRef = 2D698BCD2858633300F1F72E /* DeviceModel.swift */; };
		2D698BD22858B85C00F1F72E /* LoginViewController.swift in Sources */ = {isa = PBXBuildFile; fileRef = 2D698BD12858B85C00F1F72E /* LoginViewController.swift */; };
		2D698BD62858B9FA00F1F72E /* WalletModel.swift in Sources */ = {isa = PBXBuildFile; fileRef = 2D698BD52858B9FA00F1F72E /* WalletModel.swift */; };
		2D972C18284CA60C00982455 /* AppDelegate.swift in Sources */ = {isa = PBXBuildFile; fileRef = 2D972C17284CA60C00982455 /* AppDelegate.swift */; };
		2D972C1F284CA60C00982455 /* Main.storyboard in Resources */ = {isa = PBXBuildFile; fileRef = 2D972C1D284CA60C00982455 /* Main.storyboard */; };
		2D972C21284CA60D00982455 /* Assets.xcassets in Resources */ = {isa = PBXBuildFile; fileRef = 2D972C20284CA60D00982455 /* Assets.xcassets */; };
		2D972C24284CA60D00982455 /* LaunchScreen.storyboard in Resources */ = {isa = PBXBuildFile; fileRef = 2D972C22284CA60D00982455 /* LaunchScreen.storyboard */; };
		2D972C2E284CB60A00982455 /* SplashViewController.swift in Sources */ = {isa = PBXBuildFile; fileRef = 2D972C2D284CB60A00982455 /* SplashViewController.swift */; };
		2D972C37284CC0B800982455 /* splashVideo.mp4 in Resources */ = {isa = PBXBuildFile; fileRef = 2D972C34284CC08200982455 /* splashVideo.mp4 */; };
		2DAF3193284DD89000FE8C81 /* SourceSansPro-Regular.ttf in Resources */ = {isa = PBXBuildFile; fileRef = 2DAF3192284DD87000FE8C81 /* SourceSansPro-Regular.ttf */; };
		2DAF31A0284E3A4F00FE8C81 /* AssetTableViewCell.swift in Sources */ = {isa = PBXBuildFile; fileRef = 2DAF319E284E3A4F00FE8C81 /* AssetTableViewCell.swift */; };
		2DAF31A1284E3A4F00FE8C81 /* AssetTableViewCell.xib in Resources */ = {isa = PBXBuildFile; fileRef = 2DAF319F284E3A4F00FE8C81 /* AssetTableViewCell.xib */; };
		2DAF31A4284E3A7F00FE8C81 /* AssetCollectionViewCell.swift in Sources */ = {isa = PBXBuildFile; fileRef = 2DAF31A2284E3A7F00FE8C81 /* AssetCollectionViewCell.swift */; };
		2DAF31A5284E3A7F00FE8C81 /* AssetCollectionViewCell.xib in Resources */ = {isa = PBXBuildFile; fileRef = 2DAF31A3284E3A7F00FE8C81 /* AssetCollectionViewCell.xib */; };
		2DBBD7C32862E87700971A48 /* AllNFTsCollectionViewCell.swift in Sources */ = {isa = PBXBuildFile; fileRef = 2DBBD7C12862E87700971A48 /* AllNFTsCollectionViewCell.swift */; };
		2DBBD7C42862E87700971A48 /* AllNFTsCollectionViewCell.xib in Resources */ = {isa = PBXBuildFile; fileRef = 2DBBD7C22862E87700971A48 /* AllNFTsCollectionViewCell.xib */; };
		2DBBD7C72862EA9F00971A48 /* ImportedNFTModel.swift in Sources */ = {isa = PBXBuildFile; fileRef = 2DBBD7C62862EA9F00971A48 /* ImportedNFTModel.swift */; };
		2DBBD7CA2862FE2600971A48 /* AllNFTsViewController.swift in Sources */ = {isa = PBXBuildFile; fileRef = 2DBBD7C82862FE2600971A48 /* AllNFTsViewController.swift */; };
		2DBBD7CB2862FE2600971A48 /* AllNFTsViewController.xib in Resources */ = {isa = PBXBuildFile; fileRef = 2DBBD7C92862FE2600971A48 /* AllNFTsViewController.xib */; };
		2DE585592850BA04009147D8 /* HomeTabBarViewController.swift in Sources */ = {isa = PBXBuildFile; fileRef = 2DE585582850BA04009147D8 /* HomeTabBarViewController.swift */; };
		2DE5855B2850C186009147D8 /* CreateTabBar.swift in Sources */ = {isa = PBXBuildFile; fileRef = 2DE5855A2850C186009147D8 /* CreateTabBar.swift */; };
		2DE5855D2850C5F1009147D8 /* MYNFTsViewController.swift in Sources */ = {isa = PBXBuildFile; fileRef = 2DE5855C2850C5F1009147D8 /* MYNFTsViewController.swift */; };
		2DE5855F2850C836009147D8 /* ThirdTab.swift in Sources */ = {isa = PBXBuildFile; fileRef = 2DE5855E2850C836009147D8 /* ThirdTab.swift */; };
		2DE585632850CB34009147D8 /* CreateNFTViewController.swift in Sources */ = {isa = PBXBuildFile; fileRef = 2DE585622850CB34009147D8 /* CreateNFTViewController.swift */; };
		2DE585652850CF5F009147D8 /* HomePageTabBar.swift in Sources */ = {isa = PBXBuildFile; fileRef = 2DE585642850CF5F009147D8 /* HomePageTabBar.swift */; };
		2DE97EB028647C4B00C15BBC /* TokenModel.swift in Sources */ = {isa = PBXBuildFile; fileRef = 2DE97EAF28647C4B00C15BBC /* TokenModel.swift */; };
		2DF6B04A2859D5F4002F48A6 /* ConnectWalletViewController.swift in Sources */ = {isa = PBXBuildFile; fileRef = 2DF6B0492859D5F4002F48A6 /* ConnectWalletViewController.swift */; };
		D991A01F5F568E07A80E394F /* Pods_NFTSea.framework in Frameworks */ = {isa = PBXBuildFile; fileRef = 33EA69C1AF192D997D127281 /* Pods_NFTSea.framework */; };
/* End PBXBuildFile section */

/* Begin PBXFileReference section */
		2D05514A285AFED000B37BEC /* WalletConnectTableViewCell.swift */ = {isa = PBXFileReference; lastKnownFileType = sourcecode.swift; path = WalletConnectTableViewCell.swift; sourceTree = "<group>"; };
		2D05514B285AFED000B37BEC /* WalletConnectTableViewCell.xib */ = {isa = PBXFileReference; lastKnownFileType = file.xib; path = WalletConnectTableViewCell.xib; sourceTree = "<group>"; };
		2D055153285B33AE00B37BEC /* SourceSansPro-SemiBold.ttf */ = {isa = PBXFileReference; lastKnownFileType = file; path = "SourceSansPro-SemiBold.ttf"; sourceTree = "<group>"; };
		2D055156285B34F500B37BEC /* DividOrTableViewCell.swift */ = {isa = PBXFileReference; lastKnownFileType = sourcecode.swift; path = DividOrTableViewCell.swift; sourceTree = "<group>"; };
		2D055157285B34F500B37BEC /* DividOrTableViewCell.xib */ = {isa = PBXFileReference; lastKnownFileType = file.xib; path = DividOrTableViewCell.xib; sourceTree = "<group>"; };
		2D05515A285B427C00B37BEC /* Inter-Bold.ttf */ = {isa = PBXFileReference; lastKnownFileType = file; path = "Inter-Bold.ttf"; sourceTree = "<group>"; };
		2D05515C285B684E00B37BEC /* InputModalViewController.swift */ = {isa = PBXFileReference; lastKnownFileType = sourcecode.swift; path = InputModalViewController.swift; sourceTree = "<group>"; };
		2D1C2562284CD28F009F8ADB /* HomeViewController.swift */ = {isa = PBXFileReference; lastKnownFileType = sourcecode.swift; path = HomeViewController.swift; sourceTree = "<group>"; };
		2D2C3B41284F5D7400F16CF5 /* TrendingTableViewCell.swift */ = {isa = PBXFileReference; lastKnownFileType = sourcecode.swift; path = TrendingTableViewCell.swift; sourceTree = "<group>"; };
		2D2C3B42284F5D7400F16CF5 /* TrendingTableViewCell.xib */ = {isa = PBXFileReference; lastKnownFileType = file.xib; path = TrendingTableViewCell.xib; sourceTree = "<group>"; };
		2D2C3B46284F5DBE00F16CF5 /* TrendingCollectionViewCell.swift */ = {isa = PBXFileReference; lastKnownFileType = sourcecode.swift; path = TrendingCollectionViewCell.swift; sourceTree = "<group>"; };
		2D2C3B47284F5DBE00F16CF5 /* TrendingCollectionViewCell.xib */ = {isa = PBXFileReference; lastKnownFileType = file.xib; path = TrendingCollectionViewCell.xib; sourceTree = "<group>"; };
		2D2C3B4B284F5DF700F16CF5 /* NewItemCollectionViewCell.swift */ = {isa = PBXFileReference; lastKnownFileType = sourcecode.swift; path = NewItemCollectionViewCell.swift; sourceTree = "<group>"; };
		2D2C3B4C284F5DF700F16CF5 /* NewItemCollectionViewCell.xib */ = {isa = PBXFileReference; lastKnownFileType = file.xib; path = NewItemCollectionViewCell.xib; sourceTree = "<group>"; };
		2D2C3B4F284F5E1800F16CF5 /* NewItemTableViewCell.swift */ = {isa = PBXFileReference; lastKnownFileType = sourcecode.swift; path = NewItemTableViewCell.swift; sourceTree = "<group>"; };
		2D2C3B50284F5E1800F16CF5 /* NewItemTableViewCell.xib */ = {isa = PBXFileReference; lastKnownFileType = file.xib; path = NewItemTableViewCell.xib; sourceTree = "<group>"; };
		2D2C3B53284F928B00F16CF5 /* SourceSansPro-Bold.ttf */ = {isa = PBXFileReference; lastKnownFileType = file; path = "SourceSansPro-Bold.ttf"; sourceTree = "<group>"; };
		2D2E4A64285EF2200093CE15 /* Inter-SemiBold.ttf */ = {isa = PBXFileReference; lastKnownFileType = file; path = "Inter-SemiBold.ttf"; sourceTree = "<group>"; };
		2D2E4A6B285F41160093CE15 /* WalletInit.swift */ = {isa = PBXFileReference; lastKnownFileType = sourcecode.swift; path = WalletInit.swift; sourceTree = "<group>"; };
		2D2E4A6D285F4F9B0093CE15 /* GoogleService-Info.plist */ = {isa = PBXFileReference; fileEncoding = 4; lastKnownFileType = text.plist.xml; path = "GoogleService-Info.plist"; sourceTree = "<group>"; };
		2D2E4A70285F5E560093CE15 /* ProfileViewController.swift */ = {isa = PBXFileReference; lastKnownFileType = sourcecode.swift; path = ProfileViewController.swift; sourceTree = "<group>"; };
		2D4AFE982861A5DD00AE432B /* ProfilePagerViewController.swift */ = {isa = PBXFileReference; lastKnownFileType = sourcecode.swift; path = ProfilePagerViewController.swift; sourceTree = "<group>"; };
		2D698BCC2858633300F1F72E /* DeviceHandler.swift */ = {isa = PBXFileReference; fileEncoding = 4; lastKnownFileType = sourcecode.swift; path = DeviceHandler.swift; sourceTree = "<group>"; };
		2D698BCD2858633300F1F72E /* DeviceModel.swift */ = {isa = PBXFileReference; fileEncoding = 4; lastKnownFileType = sourcecode.swift; path = DeviceModel.swift; sourceTree = "<group>"; };
		2D698BD12858B85C00F1F72E /* LoginViewController.swift */ = {isa = PBXFileReference; lastKnownFileType = sourcecode.swift; path = LoginViewController.swift; sourceTree = "<group>"; };
		2D698BD52858B9FA00F1F72E /* WalletModel.swift */ = {isa = PBXFileReference; lastKnownFileType = sourcecode.swift; path = WalletModel.swift; sourceTree = "<group>"; };
		2D972C14284CA60C00982455 /* NFTSea.app */ = {isa = PBXFileReference; explicitFileType = wrapper.application; includeInIndex = 0; path = NFTSea.app; sourceTree = BUILT_PRODUCTS_DIR; };
		2D972C17284CA60C00982455 /* AppDelegate.swift */ = {isa = PBXFileReference; lastKnownFileType = sourcecode.swift; path = AppDelegate.swift; sourceTree = "<group>"; };
		2D972C1E284CA60C00982455 /* Base */ = {isa = PBXFileReference; lastKnownFileType = file.storyboard; name = Base; path = Base.lproj/Main.storyboard; sourceTree = "<group>"; };
		2D972C20284CA60D00982455 /* Assets.xcassets */ = {isa = PBXFileReference; lastKnownFileType = folder.assetcatalog; path = Assets.xcassets; sourceTree = "<group>"; };
		2D972C23284CA60D00982455 /* Base */ = {isa = PBXFileReference; lastKnownFileType = file.storyboard; name = Base; path = Base.lproj/LaunchScreen.storyboard; sourceTree = "<group>"; };
		2D972C25284CA60D00982455 /* Info.plist */ = {isa = PBXFileReference; lastKnownFileType = text.plist.xml; path = Info.plist; sourceTree = "<group>"; };
		2D972C2D284CB60A00982455 /* SplashViewController.swift */ = {isa = PBXFileReference; fileEncoding = 4; lastKnownFileType = sourcecode.swift; path = SplashViewController.swift; sourceTree = "<group>"; };
		2D972C34284CC08200982455 /* splashVideo.mp4 */ = {isa = PBXFileReference; lastKnownFileType = file; path = splashVideo.mp4; sourceTree = "<group>"; };
		2DAF3192284DD87000FE8C81 /* SourceSansPro-Regular.ttf */ = {isa = PBXFileReference; lastKnownFileType = file; path = "SourceSansPro-Regular.ttf"; sourceTree = "<group>"; };
		2DAF319E284E3A4F00FE8C81 /* AssetTableViewCell.swift */ = {isa = PBXFileReference; lastKnownFileType = sourcecode.swift; path = AssetTableViewCell.swift; sourceTree = "<group>"; };
		2DAF319F284E3A4F00FE8C81 /* AssetTableViewCell.xib */ = {isa = PBXFileReference; lastKnownFileType = file.xib; path = AssetTableViewCell.xib; sourceTree = "<group>"; };
		2DAF31A2284E3A7F00FE8C81 /* AssetCollectionViewCell.swift */ = {isa = PBXFileReference; lastKnownFileType = sourcecode.swift; path = AssetCollectionViewCell.swift; sourceTree = "<group>"; };
		2DAF31A3284E3A7F00FE8C81 /* AssetCollectionViewCell.xib */ = {isa = PBXFileReference; lastKnownFileType = file.xib; path = AssetCollectionViewCell.xib; sourceTree = "<group>"; };
		2DBBD7C12862E87700971A48 /* AllNFTsCollectionViewCell.swift */ = {isa = PBXFileReference; lastKnownFileType = sourcecode.swift; path = AllNFTsCollectionViewCell.swift; sourceTree = "<group>"; };
		2DBBD7C22862E87700971A48 /* AllNFTsCollectionViewCell.xib */ = {isa = PBXFileReference; lastKnownFileType = file.xib; path = AllNFTsCollectionViewCell.xib; sourceTree = "<group>"; };
		2DBBD7C62862EA9F00971A48 /* ImportedNFTModel.swift */ = {isa = PBXFileReference; lastKnownFileType = sourcecode.swift; path = ImportedNFTModel.swift; sourceTree = "<group>"; };
		2DBBD7C82862FE2600971A48 /* AllNFTsViewController.swift */ = {isa = PBXFileReference; lastKnownFileType = sourcecode.swift; path = AllNFTsViewController.swift; sourceTree = "<group>"; };
		2DBBD7C92862FE2600971A48 /* AllNFTsViewController.xib */ = {isa = PBXFileReference; lastKnownFileType = file.xib; path = AllNFTsViewController.xib; sourceTree = "<group>"; };
		2DE585582850BA04009147D8 /* HomeTabBarViewController.swift */ = {isa = PBXFileReference; lastKnownFileType = sourcecode.swift; path = HomeTabBarViewController.swift; sourceTree = "<group>"; };
		2DE5855A2850C186009147D8 /* CreateTabBar.swift */ = {isa = PBXFileReference; lastKnownFileType = sourcecode.swift; path = CreateTabBar.swift; sourceTree = "<group>"; };
		2DE5855C2850C5F1009147D8 /* MYNFTsViewController.swift */ = {isa = PBXFileReference; lastKnownFileType = sourcecode.swift; path = MYNFTsViewController.swift; sourceTree = "<group>"; };
		2DE5855E2850C836009147D8 /* ThirdTab.swift */ = {isa = PBXFileReference; lastKnownFileType = sourcecode.swift; path = ThirdTab.swift; sourceTree = "<group>"; };
		2DE585622850CB34009147D8 /* CreateNFTViewController.swift */ = {isa = PBXFileReference; lastKnownFileType = sourcecode.swift; path = CreateNFTViewController.swift; sourceTree = "<group>"; };
		2DE585642850CF5F009147D8 /* HomePageTabBar.swift */ = {isa = PBXFileReference; lastKnownFileType = sourcecode.swift; path = HomePageTabBar.swift; sourceTree = "<group>"; };
		2DE97EAF28647C4B00C15BBC /* TokenModel.swift */ = {isa = PBXFileReference; lastKnownFileType = sourcecode.swift; path = TokenModel.swift; sourceTree = "<group>"; };
		2DF6B0492859D5F4002F48A6 /* ConnectWalletViewController.swift */ = {isa = PBXFileReference; lastKnownFileType = sourcecode.swift; path = ConnectWalletViewController.swift; sourceTree = "<group>"; };
		33EA69C1AF192D997D127281 /* Pods_NFTSea.framework */ = {isa = PBXFileReference; explicitFileType = wrapper.framework; includeInIndex = 0; path = Pods_NFTSea.framework; sourceTree = BUILT_PRODUCTS_DIR; };
		8B6A5267768D7089668558B2 /* Pods-NFTSea.release.xcconfig */ = {isa = PBXFileReference; includeInIndex = 1; lastKnownFileType = text.xcconfig; name = "Pods-NFTSea.release.xcconfig"; path = "Target Support Files/Pods-NFTSea/Pods-NFTSea.release.xcconfig"; sourceTree = "<group>"; };
		C4468C422861D37D582FD197 /* Pods-NFTSea.debug.xcconfig */ = {isa = PBXFileReference; includeInIndex = 1; lastKnownFileType = text.xcconfig; name = "Pods-NFTSea.debug.xcconfig"; path = "Target Support Files/Pods-NFTSea/Pods-NFTSea.debug.xcconfig"; sourceTree = "<group>"; };
/* End PBXFileReference section */

/* Begin PBXFrameworksBuildPhase section */
		2D972C11284CA60C00982455 /* Frameworks */ = {
			isa = PBXFrameworksBuildPhase;
			buildActionMask = 2147483647;
			files = (
				D991A01F5F568E07A80E394F /* Pods_NFTSea.framework in Frameworks */,
			);
			runOnlyForDeploymentPostprocessing = 0;
		};
/* End PBXFrameworksBuildPhase section */

/* Begin PBXGroup section */
		1996E3C83B9A2165BE2FD2FB /* Pods */ = {
			isa = PBXGroup;
			children = (
				C4468C422861D37D582FD197 /* Pods-NFTSea.debug.xcconfig */,
				8B6A5267768D7089668558B2 /* Pods-NFTSea.release.xcconfig */,
			);
			path = Pods;
			sourceTree = "<group>";
		};
		2709ECD8AE1FA6A88695214B /* Frameworks */ = {
			isa = PBXGroup;
			children = (
				33EA69C1AF192D997D127281 /* Pods_NFTSea.framework */,
			);
			name = Frameworks;
			sourceTree = "<group>";
		};
		2D055149285AFAF800B37BEC /* CWTableViewCells */ = {
			isa = PBXGroup;
			children = (
				2D05514A285AFED000B37BEC /* WalletConnectTableViewCell.swift */,
				2D05514B285AFED000B37BEC /* WalletConnectTableViewCell.xib */,
			);
			path = CWTableViewCells;
			sourceTree = "<group>";
		};
		2D055155285B349F00B37BEC /* DividerTableViewCell */ = {
			isa = PBXGroup;
			children = (
				2D055156285B34F500B37BEC /* DividOrTableViewCell.swift */,
				2D055157285B34F500B37BEC /* DividOrTableViewCell.xib */,
			);
			path = DividerTableViewCell;
			sourceTree = "<group>";
		};
		2D1C255F284CD106009F8ADB /* HomePage */ = {
			isa = PBXGroup;
			children = (
				2DE585572850B1B5009147D8 /* TabBar */,
				2DAF3194284E37F600FE8C81 /* TableViewCells */,
				2D1C2562284CD28F009F8ADB /* HomeViewController.swift */,
			);
			path = HomePage;
			sourceTree = "<group>";
		};
		2D2C3B3E284F5B4700F16CF5 /* AssetsCell */ = {
			isa = PBXGroup;
			children = (
				2DAF319E284E3A4F00FE8C81 /* AssetTableViewCell.swift */,
				2DAF319F284E3A4F00FE8C81 /* AssetTableViewCell.xib */,
				2DAF3195284E38AE00FE8C81 /* CollectionViewCell */,
			);
			path = AssetsCell;
			sourceTree = "<group>";
		};
		2D2C3B3F284F5B6300F16CF5 /* TrendingCollectionCell */ = {
			isa = PBXGroup;
			children = (
				2D2C3B41284F5D7400F16CF5 /* TrendingTableViewCell.swift */,
				2D2C3B42284F5D7400F16CF5 /* TrendingTableViewCell.xib */,
				2D2C3B45284F5D7D00F16CF5 /* CollectionViewCell */,
			);
			path = TrendingCollectionCell;
			sourceTree = "<group>";
		};
		2D2C3B40284F5C0000F16CF5 /* NewItemsCell */ = {
			isa = PBXGroup;
			children = (
				2D2C3B4F284F5E1800F16CF5 /* NewItemTableViewCell.swift */,
				2D2C3B50284F5E1800F16CF5 /* NewItemTableViewCell.xib */,
				2D2C3B4A284F5DD300F16CF5 /* CollectionViewCell */,
			);
			path = NewItemsCell;
			sourceTree = "<group>";
		};
		2D2C3B45284F5D7D00F16CF5 /* CollectionViewCell */ = {
			isa = PBXGroup;
			children = (
				2D2C3B46284F5DBE00F16CF5 /* TrendingCollectionViewCell.swift */,
				2D2C3B47284F5DBE00F16CF5 /* TrendingCollectionViewCell.xib */,
			);
			path = CollectionViewCell;
			sourceTree = "<group>";
		};
		2D2C3B4A284F5DD300F16CF5 /* CollectionViewCell */ = {
			isa = PBXGroup;
			children = (
				2D2C3B4B284F5DF700F16CF5 /* NewItemCollectionViewCell.swift */,
				2D2C3B4C284F5DF700F16CF5 /* NewItemCollectionViewCell.xib */,
			);
			path = CollectionViewCell;
			sourceTree = "<group>";
		};
		2D2E4A66285F370E0093CE15 /* Modules */ = {
			isa = PBXGroup;
			children = (
				2D2E4A6A285F40A50093CE15 /* WalletInit */,
				2D2E4A67285F37210093CE15 /* MultiDeviceHandler */,
			);
			path = Modules;
			sourceTree = "<group>";
		};
		2D2E4A67285F37210093CE15 /* MultiDeviceHandler */ = {
			isa = PBXGroup;
			children = (
				2D698BCC2858633300F1F72E /* DeviceHandler.swift */,
				2D698BCD2858633300F1F72E /* DeviceModel.swift */,
			);
			path = MultiDeviceHandler;
			sourceTree = "<group>";
		};
		2D2E4A6A285F40A50093CE15 /* WalletInit */ = {
			isa = PBXGroup;
			children = (
				2D2E4A6B285F41160093CE15 /* WalletInit.swift */,
			);
			path = WalletInit;
			sourceTree = "<group>";
		};
		2D2E4A6F285F5E330093CE15 /* ProfilePage */ = {
			isa = PBXGroup;
			children = (
				2D4AFE9E2861D71100AE432B /* PagerView */,
				2D2E4A70285F5E560093CE15 /* ProfileViewController.swift */,
			);
			path = ProfilePage;
			sourceTree = "<group>";
		};
		2D4AFE9E2861D71100AE432B /* PagerView */ = {
			isa = PBXGroup;
			children = (
				2DBBD7BB2862E7A400971A48 /* AllNFTsViewController */,
				2D4AFE982861A5DD00AE432B /* ProfilePagerViewController.swift */,
			);
			path = PagerView;
			sourceTree = "<group>";
		};
		2D698BD02858B7B200F1F72E /* LoginPage */ = {
			isa = PBXGroup;
			children = (
				2DF6B0472859CD63002F48A6 /* ConnectWalletPage */,
				2D698BD12858B85C00F1F72E /* LoginViewController.swift */,
			);
			path = LoginPage;
			sourceTree = "<group>";
		};
		2D698BD32858B9C900F1F72E /* Models */ = {
			isa = PBXGroup;
			children = (
				2DBBD7C52862EA6300971A48 /* NFTModels */,
				2D698BD42858B9DC00F1F72E /* WalletModels */,
			);
			path = Models;
			sourceTree = "<group>";
		};
		2D698BD42858B9DC00F1F72E /* WalletModels */ = {
			isa = PBXGroup;
			children = (
				2D698BD52858B9FA00F1F72E /* WalletModel.swift */,
			);
			path = WalletModels;
			sourceTree = "<group>";
		};
		2D972C0B284CA60C00982455 = {
			isa = PBXGroup;
			children = (
				2D972C16284CA60C00982455 /* NFTSea */,
				2D972C15284CA60C00982455 /* Products */,
				1996E3C83B9A2165BE2FD2FB /* Pods */,
				2709ECD8AE1FA6A88695214B /* Frameworks */,
			);
			sourceTree = "<group>";
		};
		2D972C15284CA60C00982455 /* Products */ = {
			isa = PBXGroup;
			children = (
				2D972C14284CA60C00982455 /* NFTSea.app */,
			);
			name = Products;
			sourceTree = "<group>";
		};
		2D972C16284CA60C00982455 /* NFTSea */ = {
			isa = PBXGroup;
			children = (
				2D2E4A66285F370E0093CE15 /* Modules */,
				2D698BD32858B9C900F1F72E /* Models */,
				2D972C2B284CB5EA00982455 /* Pages */,
				2D972C35284CC09900982455 /* Utilities */,
				2D972C1D284CA60C00982455 /* Main.storyboard */,
				2D972C17284CA60C00982455 /* AppDelegate.swift */,
				2DE5855C2850C5F1009147D8 /* MYNFTsViewController.swift */,
				2DE585622850CB34009147D8 /* CreateNFTViewController.swift */,
				2DE5855E2850C836009147D8 /* ThirdTab.swift */,
				2D972C20284CA60D00982455 /* Assets.xcassets */,
				2D972C22284CA60D00982455 /* LaunchScreen.storyboard */,
				2D972C25284CA60D00982455 /* Info.plist */,
				2D2E4A6D285F4F9B0093CE15 /* GoogleService-Info.plist */,
			);
			path = NFTSea;
			sourceTree = "<group>";
		};
		2D972C2B284CB5EA00982455 /* Pages */ = {
			isa = PBXGroup;
			children = (
				2D2E4A6F285F5E330093CE15 /* ProfilePage */,
				2D698BD02858B7B200F1F72E /* LoginPage */,
				2D1C255F284CD106009F8ADB /* HomePage */,
				2D972C2C284CB5F500982455 /* Splash */,
			);
			path = Pages;
			sourceTree = "<group>";
		};
		2D972C2C284CB5F500982455 /* Splash */ = {
			isa = PBXGroup;
			children = (
				2D972C2D284CB60A00982455 /* SplashViewController.swift */,
			);
			path = Splash;
			sourceTree = "<group>";
		};
		2D972C35284CC09900982455 /* Utilities */ = {
			isa = PBXGroup;
			children = (
				2DAF3191284DD6CF00FE8C81 /* Fonts */,
				2D972C36284CC0A500982455 /* Videos */,
			);
			path = Utilities;
			sourceTree = "<group>";
		};
		2D972C36284CC0A500982455 /* Videos */ = {
			isa = PBXGroup;
			children = (
				2D972C34284CC08200982455 /* splashVideo.mp4 */,
			);
			path = Videos;
			sourceTree = "<group>";
		};
		2DAF3191284DD6CF00FE8C81 /* Fonts */ = {
			isa = PBXGroup;
			children = (
				2D05515A285B427C00B37BEC /* Inter-Bold.ttf */,
				2D2E4A64285EF2200093CE15 /* Inter-SemiBold.ttf */,
				2DAF3192284DD87000FE8C81 /* SourceSansPro-Regular.ttf */,
				2D055153285B33AE00B37BEC /* SourceSansPro-SemiBold.ttf */,
				2D2C3B53284F928B00F16CF5 /* SourceSansPro-Bold.ttf */,
			);
			path = Fonts;
			sourceTree = "<group>";
		};
		2DAF3194284E37F600FE8C81 /* TableViewCells */ = {
			isa = PBXGroup;
			children = (
				2D2C3B40284F5C0000F16CF5 /* NewItemsCell */,
				2D2C3B3F284F5B6300F16CF5 /* TrendingCollectionCell */,
				2D2C3B3E284F5B4700F16CF5 /* AssetsCell */,
			);
			path = TableViewCells;
			sourceTree = "<group>";
		};
		2DAF3195284E38AE00FE8C81 /* CollectionViewCell */ = {
			isa = PBXGroup;
			children = (
				2DAF31A2284E3A7F00FE8C81 /* AssetCollectionViewCell.swift */,
				2DAF31A3284E3A7F00FE8C81 /* AssetCollectionViewCell.xib */,
			);
			path = CollectionViewCell;
			sourceTree = "<group>";
		};
		2DBBD7BB2862E7A400971A48 /* AllNFTsViewController */ = {
			isa = PBXGroup;
			children = (
				2DBBD7C82862FE2600971A48 /* AllNFTsViewController.swift */,
				2DBBD7C92862FE2600971A48 /* AllNFTsViewController.xib */,
				2DBBD7C02862E83C00971A48 /* AllNFTsCollectionViewCell */,
			);
			path = AllNFTsViewController;
			sourceTree = "<group>";
		};
		2DBBD7C02862E83C00971A48 /* AllNFTsCollectionViewCell */ = {
			isa = PBXGroup;
			children = (
				2DBBD7C12862E87700971A48 /* AllNFTsCollectionViewCell.swift */,
				2DBBD7C22862E87700971A48 /* AllNFTsCollectionViewCell.xib */,
			);
			path = AllNFTsCollectionViewCell;
			sourceTree = "<group>";
		};
		2DBBD7C52862EA6300971A48 /* NFTModels */ = {
			isa = PBXGroup;
			children = (
				2DBBD7C62862EA9F00971A48 /* ImportedNFTModel.swift */,
				2DE97EAF28647C4B00C15BBC /* TokenModel.swift */,
			);
			path = NFTModels;
			sourceTree = "<group>";
		};
		2DE585572850B1B5009147D8 /* TabBar */ = {
			isa = PBXGroup;
			children = (
				2DE585582850BA04009147D8 /* HomeTabBarViewController.swift */,
				2DE5855A2850C186009147D8 /* CreateTabBar.swift */,
				2DE585642850CF5F009147D8 /* HomePageTabBar.swift */,
			);
			path = TabBar;
			sourceTree = "<group>";
		};
		2DF6B0472859CD63002F48A6 /* ConnectWalletPage */ = {
			isa = PBXGroup;
			children = (
				2DF6B0492859D5F4002F48A6 /* ConnectWalletViewController.swift */,
				2DF6B0482859CD90002F48A6 /* TableViewCells */,
				2D05515C285B684E00B37BEC /* InputModalViewController.swift */,
			);
			path = ConnectWalletPage;
			sourceTree = "<group>";
		};
		2DF6B0482859CD90002F48A6 /* TableViewCells */ = {
			isa = PBXGroup;
			children = (
				2D055149285AFAF800B37BEC /* CWTableViewCells */,
				2D055155285B349F00B37BEC /* DividerTableViewCell */,
			);
			path = TableViewCells;
			sourceTree = "<group>";
		};
/* End PBXGroup section */

/* Begin PBXNativeTarget section */
		2D972C13284CA60C00982455 /* NFTSea */ = {
			isa = PBXNativeTarget;
			buildConfigurationList = 2D972C28284CA60D00982455 /* Build configuration list for PBXNativeTarget "NFTSea" */;
			buildPhases = (
				156A129C0E9649AD3ABBECDC /* [CP] Check Pods Manifest.lock */,
				2D972C10284CA60C00982455 /* Sources */,
				2D972C11284CA60C00982455 /* Frameworks */,
				2D972C12284CA60C00982455 /* Resources */,
				59398E9AAFB573D3893D0640 /* [CP] Embed Pods Frameworks */,
			);
			buildRules = (
			);
			dependencies = (
			);
			name = NFTSea;
			productName = NFTSea;
			productReference = 2D972C14284CA60C00982455 /* NFTSea.app */;
			productType = "com.apple.product-type.application";
		};
/* End PBXNativeTarget section */

/* Begin PBXProject section */
		2D972C0C284CA60C00982455 /* Project object */ = {
			isa = PBXProject;
			attributes = {
				BuildIndependentTargetsInParallel = 1;
				LastSwiftUpdateCheck = 1300;
				LastUpgradeCheck = 1300;
				TargetAttributes = {
					2D972C13284CA60C00982455 = {
						CreatedOnToolsVersion = 13.0;
					};
				};
			};
			buildConfigurationList = 2D972C0F284CA60C00982455 /* Build configuration list for PBXProject "NFTSea" */;
			compatibilityVersion = "Xcode 13.0";
			developmentRegion = en;
			hasScannedForEncodings = 0;
			knownRegions = (
				en,
				Base,
			);
			mainGroup = 2D972C0B284CA60C00982455;
			productRefGroup = 2D972C15284CA60C00982455 /* Products */;
			projectDirPath = "";
			projectRoot = "";
			targets = (
				2D972C13284CA60C00982455 /* NFTSea */,
			);
		};
/* End PBXProject section */

/* Begin PBXResourcesBuildPhase section */
		2D972C12284CA60C00982455 /* Resources */ = {
			isa = PBXResourcesBuildPhase;
			buildActionMask = 2147483647;
			files = (
				2D2E4A65285EF2200093CE15 /* Inter-SemiBold.ttf in Resources */,
				2D2C3B4E284F5DF700F16CF5 /* NewItemCollectionViewCell.xib in Resources */,
				2D2C3B44284F5D7400F16CF5 /* TrendingTableViewCell.xib in Resources */,
				2D05514D285AFED000B37BEC /* WalletConnectTableViewCell.xib in Resources */,
				2D2E4A6E285F4F9B0093CE15 /* GoogleService-Info.plist in Resources */,
				2DAF3193284DD89000FE8C81 /* SourceSansPro-Regular.ttf in Resources */,
				2D2C3B52284F5E1800F16CF5 /* NewItemTableViewCell.xib in Resources */,
				2D2C3B49284F5DBE00F16CF5 /* TrendingCollectionViewCell.xib in Resources */,
				2DBBD7C42862E87700971A48 /* AllNFTsCollectionViewCell.xib in Resources */,
				2DBBD7CB2862FE2600971A48 /* AllNFTsViewController.xib in Resources */,
				2D972C37284CC0B800982455 /* splashVideo.mp4 in Resources */,
				2DAF31A1284E3A4F00FE8C81 /* AssetTableViewCell.xib in Resources */,
				2D972C24284CA60D00982455 /* LaunchScreen.storyboard in Resources */,
				2DAF31A5284E3A7F00FE8C81 /* AssetCollectionViewCell.xib in Resources */,
				2D05515B285B427C00B37BEC /* Inter-Bold.ttf in Resources */,
				2D972C21284CA60D00982455 /* Assets.xcassets in Resources */,
				2D055154285B33AE00B37BEC /* SourceSansPro-SemiBold.ttf in Resources */,
				2D055159285B34F500B37BEC /* DividOrTableViewCell.xib in Resources */,
				2D972C1F284CA60C00982455 /* Main.storyboard in Resources */,
				2D2C3B54284F928B00F16CF5 /* SourceSansPro-Bold.ttf in Resources */,
			);
			runOnlyForDeploymentPostprocessing = 0;
		};
/* End PBXResourcesBuildPhase section */

/* Begin PBXShellScriptBuildPhase section */
		156A129C0E9649AD3ABBECDC /* [CP] Check Pods Manifest.lock */ = {
			isa = PBXShellScriptBuildPhase;
			buildActionMask = 2147483647;
			files = (
			);
			inputFileListPaths = (
			);
			inputPaths = (
				"${PODS_PODFILE_DIR_PATH}/Podfile.lock",
				"${PODS_ROOT}/Manifest.lock",
			);
			name = "[CP] Check Pods Manifest.lock";
			outputFileListPaths = (
			);
			outputPaths = (
				"$(DERIVED_FILE_DIR)/Pods-NFTSea-checkManifestLockResult.txt",
			);
			runOnlyForDeploymentPostprocessing = 0;
			shellPath = /bin/sh;
			shellScript = "diff \"${PODS_PODFILE_DIR_PATH}/Podfile.lock\" \"${PODS_ROOT}/Manifest.lock\" > /dev/null\nif [ $? != 0 ] ; then\n    # print error to STDERR\n    echo \"error: The sandbox is not in sync with the Podfile.lock. Run 'pod install' or update your CocoaPods installation.\" >&2\n    exit 1\nfi\n# This output is used by Xcode 'outputs' to avoid re-running this script phase.\necho \"SUCCESS\" > \"${SCRIPT_OUTPUT_FILE_0}\"\n";
			showEnvVarsInLog = 0;
		};
		59398E9AAFB573D3893D0640 /* [CP] Embed Pods Frameworks */ = {
			isa = PBXShellScriptBuildPhase;
			buildActionMask = 2147483647;
			files = (
			);
			inputFileListPaths = (
				"${PODS_ROOT}/Target Support Files/Pods-NFTSea/Pods-NFTSea-frameworks-${CONFIGURATION}-input-files.xcfilelist",
			);
			name = "[CP] Embed Pods Frameworks";
			outputFileListPaths = (
				"${PODS_ROOT}/Target Support Files/Pods-NFTSea/Pods-NFTSea-frameworks-${CONFIGURATION}-output-files.xcfilelist",
			);
			runOnlyForDeploymentPostprocessing = 0;
			shellPath = /bin/sh;
			shellScript = "\"${PODS_ROOT}/Target Support Files/Pods-NFTSea/Pods-NFTSea-frameworks.sh\"\n";
			showEnvVarsInLog = 0;
		};
/* End PBXShellScriptBuildPhase section */

/* Begin PBXSourcesBuildPhase section */
		2D972C10284CA60C00982455 /* Sources */ = {
			isa = PBXSourcesBuildPhase;
			buildActionMask = 2147483647;
			files = (
				2DE585592850BA04009147D8 /* HomeTabBarViewController.swift in Sources */,
				2D698BD62858B9FA00F1F72E /* WalletModel.swift in Sources */,
				2DE585652850CF5F009147D8 /* HomePageTabBar.swift in Sources */,
				2D972C18284CA60C00982455 /* AppDelegate.swift in Sources */,
				2DE585632850CB34009147D8 /* CreateNFTViewController.swift in Sources */,
				2D698BCE2858633300F1F72E /* DeviceHandler.swift in Sources */,
				2D2C3B4D284F5DF700F16CF5 /* NewItemCollectionViewCell.swift in Sources */,
				2D698BD22858B85C00F1F72E /* LoginViewController.swift in Sources */,
				2D055158285B34F500B37BEC /* DividOrTableViewCell.swift in Sources */,
				2DBBD7C32862E87700971A48 /* AllNFTsCollectionViewCell.swift in Sources */,
				2DBBD7CA2862FE2600971A48 /* AllNFTsViewController.swift in Sources */,
				2D2E4A71285F5E560093CE15 /* ProfileViewController.swift in Sources */,
				2D2C3B48284F5DBE00F16CF5 /* TrendingCollectionViewCell.swift in Sources */,
				2DE97EB028647C4B00C15BBC /* TokenModel.swift in Sources */,
				2DAF31A0284E3A4F00FE8C81 /* AssetTableViewCell.swift in Sources */,
				2D4AFE992861A5DD00AE432B /* ProfilePagerViewController.swift in Sources */,
				2D2C3B43284F5D7400F16CF5 /* TrendingTableViewCell.swift in Sources */,
				2D05515D285B684E00B37BEC /* InputModalViewController.swift in Sources */,
				2DAF31A4284E3A7F00FE8C81 /* AssetCollectionViewCell.swift in Sources */,
				2D2C3B51284F5E1800F16CF5 /* NewItemTableViewCell.swift in Sources */,
				2DE5855B2850C186009147D8 /* CreateTabBar.swift in Sources */,
				2DBBD7C72862EA9F00971A48 /* ImportedNFTModel.swift in Sources */,
				2DF6B04A2859D5F4002F48A6 /* ConnectWalletViewController.swift in Sources */,
				2DE5855D2850C5F1009147D8 /* MYNFTsViewController.swift in Sources */,
				2DE5855F2850C836009147D8 /* ThirdTab.swift in Sources */,
				2D2E4A6C285F41160093CE15 /* WalletInit.swift in Sources */,
				2D972C2E284CB60A00982455 /* SplashViewController.swift in Sources */,
				2D698BCF2858633300F1F72E /* DeviceModel.swift in Sources */,
				2D05514C285AFED000B37BEC /* WalletConnectTableViewCell.swift in Sources */,
				2D1C2563284CD28F009F8ADB /* HomeViewController.swift in Sources */,
			);
			runOnlyForDeploymentPostprocessing = 0;
		};
/* End PBXSourcesBuildPhase section */

/* Begin PBXVariantGroup section */
		2D972C1D284CA60C00982455 /* Main.storyboard */ = {
			isa = PBXVariantGroup;
			children = (
				2D972C1E284CA60C00982455 /* Base */,
			);
			name = Main.storyboard;
			sourceTree = "<group>";
		};
		2D972C22284CA60D00982455 /* LaunchScreen.storyboard */ = {
			isa = PBXVariantGroup;
			children = (
				2D972C23284CA60D00982455 /* Base */,
			);
			name = LaunchScreen.storyboard;
			sourceTree = "<group>";
		};
/* End PBXVariantGroup section */

/* Begin XCBuildConfiguration section */
		2D972C26284CA60D00982455 /* Debug */ = {
			isa = XCBuildConfiguration;
			buildSettings = {
				ALWAYS_SEARCH_USER_PATHS = NO;
				CLANG_ANALYZER_NONNULL = YES;
				CLANG_ANALYZER_NUMBER_OBJECT_CONVERSION = YES_AGGRESSIVE;
				CLANG_CXX_LANGUAGE_STANDARD = "gnu++17";
				CLANG_CXX_LIBRARY = "libc++";
				CLANG_ENABLE_MODULES = YES;
				CLANG_ENABLE_OBJC_ARC = YES;
				CLANG_ENABLE_OBJC_WEAK = YES;
				CLANG_WARN_BLOCK_CAPTURE_AUTORELEASING = YES;
				CLANG_WARN_BOOL_CONVERSION = YES;
				CLANG_WARN_COMMA = YES;
				CLANG_WARN_CONSTANT_CONVERSION = YES;
				CLANG_WARN_DEPRECATED_OBJC_IMPLEMENTATIONS = YES;
				CLANG_WARN_DIRECT_OBJC_ISA_USAGE = YES_ERROR;
				CLANG_WARN_DOCUMENTATION_COMMENTS = YES;
				CLANG_WARN_EMPTY_BODY = YES;
				CLANG_WARN_ENUM_CONVERSION = YES;
				CLANG_WARN_INFINITE_RECURSION = YES;
				CLANG_WARN_INT_CONVERSION = YES;
				CLANG_WARN_NON_LITERAL_NULL_CONVERSION = YES;
				CLANG_WARN_OBJC_IMPLICIT_RETAIN_SELF = YES;
				CLANG_WARN_OBJC_LITERAL_CONVERSION = YES;
				CLANG_WARN_OBJC_ROOT_CLASS = YES_ERROR;
				CLANG_WARN_QUOTED_INCLUDE_IN_FRAMEWORK_HEADER = YES;
				CLANG_WARN_RANGE_LOOP_ANALYSIS = YES;
				CLANG_WARN_STRICT_PROTOTYPES = YES;
				CLANG_WARN_SUSPICIOUS_MOVE = YES;
				CLANG_WARN_UNGUARDED_AVAILABILITY = YES_AGGRESSIVE;
				CLANG_WARN_UNREACHABLE_CODE = YES;
				CLANG_WARN__DUPLICATE_METHOD_MATCH = YES;
				COPY_PHASE_STRIP = NO;
				DEBUG_INFORMATION_FORMAT = dwarf;
				ENABLE_STRICT_OBJC_MSGSEND = YES;
				ENABLE_TESTABILITY = YES;
				GCC_C_LANGUAGE_STANDARD = gnu11;
				GCC_DYNAMIC_NO_PIC = NO;
				GCC_NO_COMMON_BLOCKS = YES;
				GCC_OPTIMIZATION_LEVEL = 0;
				GCC_PREPROCESSOR_DEFINITIONS = (
					"DEBUG=1",
					"$(inherited)",
				);
				GCC_WARN_64_TO_32_BIT_CONVERSION = YES;
				GCC_WARN_ABOUT_RETURN_TYPE = YES_ERROR;
				GCC_WARN_UNDECLARED_SELECTOR = YES;
				GCC_WARN_UNINITIALIZED_AUTOS = YES_AGGRESSIVE;
				GCC_WARN_UNUSED_FUNCTION = YES;
				GCC_WARN_UNUSED_VARIABLE = YES;
				IPHONEOS_DEPLOYMENT_TARGET = 15.0;
				MTL_ENABLE_DEBUG_INFO = INCLUDE_SOURCE;
				MTL_FAST_MATH = YES;
				ONLY_ACTIVE_ARCH = YES;
				SDKROOT = iphoneos;
				SWIFT_ACTIVE_COMPILATION_CONDITIONS = DEBUG;
				SWIFT_OPTIMIZATION_LEVEL = "-Onone";
			};
			name = Debug;
		};
		2D972C27284CA60D00982455 /* Release */ = {
			isa = XCBuildConfiguration;
			buildSettings = {
				ALWAYS_SEARCH_USER_PATHS = NO;
				CLANG_ANALYZER_NONNULL = YES;
				CLANG_ANALYZER_NUMBER_OBJECT_CONVERSION = YES_AGGRESSIVE;
				CLANG_CXX_LANGUAGE_STANDARD = "gnu++17";
				CLANG_CXX_LIBRARY = "libc++";
				CLANG_ENABLE_MODULES = YES;
				CLANG_ENABLE_OBJC_ARC = YES;
				CLANG_ENABLE_OBJC_WEAK = YES;
				CLANG_WARN_BLOCK_CAPTURE_AUTORELEASING = YES;
				CLANG_WARN_BOOL_CONVERSION = YES;
				CLANG_WARN_COMMA = YES;
				CLANG_WARN_CONSTANT_CONVERSION = YES;
				CLANG_WARN_DEPRECATED_OBJC_IMPLEMENTATIONS = YES;
				CLANG_WARN_DIRECT_OBJC_ISA_USAGE = YES_ERROR;
				CLANG_WARN_DOCUMENTATION_COMMENTS = YES;
				CLANG_WARN_EMPTY_BODY = YES;
				CLANG_WARN_ENUM_CONVERSION = YES;
				CLANG_WARN_INFINITE_RECURSION = YES;
				CLANG_WARN_INT_CONVERSION = YES;
				CLANG_WARN_NON_LITERAL_NULL_CONVERSION = YES;
				CLANG_WARN_OBJC_IMPLICIT_RETAIN_SELF = YES;
				CLANG_WARN_OBJC_LITERAL_CONVERSION = YES;
				CLANG_WARN_OBJC_ROOT_CLASS = YES_ERROR;
				CLANG_WARN_QUOTED_INCLUDE_IN_FRAMEWORK_HEADER = YES;
				CLANG_WARN_RANGE_LOOP_ANALYSIS = YES;
				CLANG_WARN_STRICT_PROTOTYPES = YES;
				CLANG_WARN_SUSPICIOUS_MOVE = YES;
				CLANG_WARN_UNGUARDED_AVAILABILITY = YES_AGGRESSIVE;
				CLANG_WARN_UNREACHABLE_CODE = YES;
				CLANG_WARN__DUPLICATE_METHOD_MATCH = YES;
				COPY_PHASE_STRIP = NO;
				DEBUG_INFORMATION_FORMAT = "dwarf-with-dsym";
				ENABLE_NS_ASSERTIONS = NO;
				ENABLE_STRICT_OBJC_MSGSEND = YES;
				GCC_C_LANGUAGE_STANDARD = gnu11;
				GCC_NO_COMMON_BLOCKS = YES;
				GCC_WARN_64_TO_32_BIT_CONVERSION = YES;
				GCC_WARN_ABOUT_RETURN_TYPE = YES_ERROR;
				GCC_WARN_UNDECLARED_SELECTOR = YES;
				GCC_WARN_UNINITIALIZED_AUTOS = YES_AGGRESSIVE;
				GCC_WARN_UNUSED_FUNCTION = YES;
				GCC_WARN_UNUSED_VARIABLE = YES;
				IPHONEOS_DEPLOYMENT_TARGET = 15.0;
				MTL_ENABLE_DEBUG_INFO = NO;
				MTL_FAST_MATH = YES;
				SDKROOT = iphoneos;
				SWIFT_COMPILATION_MODE = wholemodule;
				SWIFT_OPTIMIZATION_LEVEL = "-O";
				VALIDATE_PRODUCT = YES;
			};
			name = Release;
		};
		2D972C29284CA60D00982455 /* Debug */ = {
			isa = XCBuildConfiguration;
			baseConfigurationReference = C4468C422861D37D582FD197 /* Pods-NFTSea.debug.xcconfig */;
			buildSettings = {
				ASSETCATALOG_COMPILER_APPICON_NAME = AppIcon;
				ASSETCATALOG_COMPILER_GLOBAL_ACCENT_COLOR_NAME = AccentColor;
				CODE_SIGN_STYLE = Automatic;
				CURRENT_PROJECT_VERSION = 1;
				DEVELOPMENT_TEAM = F2XURX372U;
				GENERATE_INFOPLIST_FILE = YES;
				INFOPLIST_FILE = NFTSea/Info.plist;
				INFOPLIST_KEY_UIApplicationSupportsIndirectInputEvents = YES;
				INFOPLIST_KEY_UILaunchStoryboardName = LaunchScreen;
				INFOPLIST_KEY_UIMainStoryboardFile = Main;
				INFOPLIST_KEY_UISupportedInterfaceOrientations_iPad = "UIInterfaceOrientationPortrait UIInterfaceOrientationPortraitUpsideDown UIInterfaceOrientationLandscapeLeft UIInterfaceOrientationLandscapeRight";
				INFOPLIST_KEY_UISupportedInterfaceOrientations_iPhone = "UIInterfaceOrientationPortrait UIInterfaceOrientationLandscapeLeft UIInterfaceOrientationLandscapeRight";
				IPHONEOS_DEPLOYMENT_TARGET = 13.0;
				LD_RUNPATH_SEARCH_PATHS = (
					"$(inherited)",
					"@executable_path/Frameworks",
				);
				MARKETING_VERSION = 1.0;
				PRODUCT_BUNDLE_IDENTIFIER = com.ron.NFTSea;
				PRODUCT_NAME = "$(TARGET_NAME)";
				SWIFT_EMIT_LOC_STRINGS = YES;
				SWIFT_VERSION = 5.0;
				TARGETED_DEVICE_FAMILY = "1,2";
			};
			name = Debug;
		};
		2D972C2A284CA60D00982455 /* Release */ = {
			isa = XCBuildConfiguration;
			baseConfigurationReference = 8B6A5267768D7089668558B2 /* Pods-NFTSea.release.xcconfig */;
			buildSettings = {
				ASSETCATALOG_COMPILER_APPICON_NAME = AppIcon;
				ASSETCATALOG_COMPILER_GLOBAL_ACCENT_COLOR_NAME = AccentColor;
				CODE_SIGN_STYLE = Automatic;
				CURRENT_PROJECT_VERSION = 1;
				DEVELOPMENT_TEAM = F2XURX372U;
				GENERATE_INFOPLIST_FILE = YES;
				INFOPLIST_FILE = NFTSea/Info.plist;
				INFOPLIST_KEY_UIApplicationSupportsIndirectInputEvents = YES;
				INFOPLIST_KEY_UILaunchStoryboardName = LaunchScreen;
				INFOPLIST_KEY_UIMainStoryboardFile = Main;
				INFOPLIST_KEY_UISupportedInterfaceOrientations_iPad = "UIInterfaceOrientationPortrait UIInterfaceOrientationPortraitUpsideDown UIInterfaceOrientationLandscapeLeft UIInterfaceOrientationLandscapeRight";
				INFOPLIST_KEY_UISupportedInterfaceOrientations_iPhone = "UIInterfaceOrientationPortrait UIInterfaceOrientationLandscapeLeft UIInterfaceOrientationLandscapeRight";
				IPHONEOS_DEPLOYMENT_TARGET = 13.0;
				LD_RUNPATH_SEARCH_PATHS = (
					"$(inherited)",
					"@executable_path/Frameworks",
				);
				MARKETING_VERSION = 1.0;
				PRODUCT_BUNDLE_IDENTIFIER = com.ron.NFTSea;
				PRODUCT_NAME = "$(TARGET_NAME)";
				SWIFT_EMIT_LOC_STRINGS = YES;
				SWIFT_VERSION = 5.0;
				TARGETED_DEVICE_FAMILY = "1,2";
			};
			name = Release;
		};
/* End XCBuildConfiguration section */

/* Begin XCConfigurationList section */
		2D972C0F284CA60C00982455 /* Build configuration list for PBXProject "NFTSea" */ = {
			isa = XCConfigurationList;
			buildConfigurations = (
				2D972C26284CA60D00982455 /* Debug */,
				2D972C27284CA60D00982455 /* Release */,
			);
			defaultConfigurationIsVisible = 0;
			defaultConfigurationName = Release;
		};
		2D972C28284CA60D00982455 /* Build configuration list for PBXNativeTarget "NFTSea" */ = {
			isa = XCConfigurationList;
			buildConfigurations = (
				2D972C29284CA60D00982455 /* Debug */,
				2D972C2A284CA60D00982455 /* Release */,
			);
			defaultConfigurationIsVisible = 0;
			defaultConfigurationName = Release;
		};
/* End XCConfigurationList section */
	};
	rootObject = 2D972C0C284CA60C00982455 /* Project object */;
}
